
Microsoft Visual Studio Solution File, Format Version 12.00
# Visual Studio 2012
Project("{FAE04EC0-301F-11D3-BF4B-00C04F79EFBC}") = "FactoryMethod", "FactoryMethod\FactoryMethod.csproj", "{82B8F5D1-7315-494B-8DE1-1315DAA538D0}"
EndProject
Project("{FAE04EC0-301F-11D3-BF4B-00C04F79EFBC}") = "Yanfeng.DesignPatters.Test", "Yanfeng.DesignPatters.Test\Yanfeng.DesignPatters.Test.csproj", "{F38FA95A-C76A-47F8-838F-FEC64340BD33}"
EndProject
Project("{FAE04EC0-301F-11D3-BF4B-00C04F79EFBC}") = "ObserverPattern", "ObserverPattern\ObserverPattern.csproj", "{B40D87A0-D103-4F76-96B1-1E2882A5E27B}"
EndProject
Project("{FAE04EC0-301F-11D3-BF4B-00C04F79EFBC}") = "CommandPattern", "CommandPattern\CommandPattern.csproj", "{7A8CD37A-31D7-4C54-9F05-80A55BE6A101}"
EndProject
Project("{FAE04EC0-301F-11D3-BF4B-00C04F79EFBC}") = "DecoratorPatter", "DecoratorPatter\DecoratorPatter.csproj", "{592F5C38-ADA9-4948-B8AF-788A022ADE3D}"
EndProject
Global
	GlobalSection(SolutionConfigurationPlatforms) = preSolution
		Debug|Any CPU = Debug|Any CPU
		Release|Any CPU = Release|Any CPU
	EndGlobalSection
	GlobalSection(ProjectConfigurationPlatforms) = postSolution
		{82B8F5D1-7315-494B-8DE1-1315DAA538D0}.Debug|Any CPU.ActiveCfg = Debug|Any CPU
		{82B8F5D1-7315-494B-8DE1-1315DAA538D0}.Debug|Any CPU.Build.0 = Debug|Any CPU
		{82B8F5D1-7315-494B-8DE1-1315DAA538D0}.Release|Any CPU.ActiveCfg = Release|Any CPU
		{82B8F5D1-7315-494B-8DE1-1315DAA538D0}.Release|Any CPU.Build.0 = Release|Any CPU
		{F38FA95A-C76A-47F8-838F-FEC64340BD33}.Debug|Any CPU.ActiveCfg = Debug|Any CPU
		{F38FA95A-C76A-47F8-838F-FEC64340BD33}.Debug|Any CPU.Build.0 = Debug|Any CPU
		{F38FA95A-C76A-47F8-838F-FEC64340BD33}.Release|Any CPU.ActiveCfg = Release|Any CPU
		{F38FA95A-C76A-47F8-838F-FEC64340BD33}.Release|Any CPU.Build.0 = Release|Any CPU
		{B40D87A0-D103-4F76-96B1-1E2882A5E27B}.Debug|Any CPU.ActiveCfg = Debug|Any CPU
		{B40D87A0-D103-4F76-96B1-1E2882A5E27B}.Debug|Any CPU.Build.0 = Debug|Any CPU
		{B40D87A0-D103-4F76-96B1-1E2882A5E27B}.Release|Any CPU.ActiveCfg = Release|Any CPU
		{B40D87A0-D103-4F76-96B1-1E2882A5E27B}.Release|Any CPU.Build.0 = Release|Any CPU
		{7A8CD37A-31D7-4C54-9F05-80A55BE6A101}.Debug|Any CPU.ActiveCfg = Debug|Any CPU
		{7A8CD37A-31D7-4C54-9F05-80A55BE6A101}.Debug|Any CPU.Build.0 = Debug|Any CPU
		{7A8CD37A-31D7-4C54-9F05-80A55BE6A101}.Release|Any CPU.ActiveCfg = Release|Any CPU
		{7A8CD37A-31D7-4C54-9F05-80A55BE6A101}.Release|Any CPU.Build.0 = Release|Any CPU
		{592F5C38-ADA9-4948-B8AF-788A022ADE3D}.Debug|Any CPU.ActiveCfg = Debug|Any CPU
		{592F5C38-ADA9-4948-B8AF-788A022ADE3D}.Debug|Any CPU.Build.0 = Debug|Any CPU
		{592F5C38-ADA9-4948-B8AF-788A022ADE3D}.Release|Any CPU.ActiveCfg = Release|Any CPU
		{592F5C38-ADA9-4948-B8AF-788A022ADE3D}.Release|Any CPU.Build.0 = Release|Any CPU
	EndGlobalSection
	GlobalSection(SolutionProperties) = preSolution
		HideSolutionNode = FALSE
	EndGlobalSection
EndGlobal
